Microsoft Visual Studio Solution File, Format Version 12.00
# Visual Studio 15
Project("{8BC9CEB8-8B4A-11D0-8D11-00A0C91BC942}") = "ALL_BUILD", "ALL_BUILD.vcxproj", "{0D58A03E-2334-32EC-AC2E-0DF10BFDD90E}"
	ProjectSection(ProjectDependencies) = postProject
		{2BBBC26B-C87E-38E3-B193-3079D6F42023} = {2BBBC26B-C87E-38E3-B193-3079D6F42023}
		{3402CA6D-A447-3598-8F4B-4B4D2B9D5580} = {3402CA6D-A447-3598-8F4B-4B4D2B9D5580}
	EndProjectSection
EndProject
Project("{8BC9CEB8-8B4A-11D0-8D11-00A0C91BC942}") = "ZERO_CHECK", "ZERO_CHECK.vcxproj", "{2BBBC26B-C87E-38E3-B193-3079D6F42023}"
	ProjectSection(ProjectDependencies) = postProject
	EndProjectSection
EndProject
Project("{8BC9CEB8-8B4A-11D0-8D11-00A0C91BC942}") = "src", "src.vcxproj", "{3402CA6D-A447-3598-8F4B-4B4D2B9D5580}"
	ProjectSection(ProjectDependencies) = postProject
		{2BBBC26B-C87E-38E3-B193-3079D6F42023} = {2BBBC26B-C87E-38E3-B193-3079D6F42023}
	EndProjectSection
EndProject
Global
	GlobalSection(SolutionConfigurationPlatforms) = preSolution
		Debug|Win32 = Debug|Win32
		Release|Win32 = Release|Win32
		MinSizeRel|Win32 = MinSizeRel|Win32
		RelWithDebInfo|Win32 = RelWithDebInfo|Win32
	EndGlobalSection
	GlobalSection(ProjectConfigurationPlatforms) = postSolution
		{0D58A03E-2334-32EC-AC2E-0DF10BFDD90E}.Debug|Win32.ActiveCfg = Debug|Win32
		{0D58A03E-2334-32EC-AC2E-0DF10BFDD90E}.Release|Win32.ActiveCfg = Release|Win32
		{0D58A03E-2334-32EC-AC2E-0DF10BFDD90E}.MinSizeRel|Win32.ActiveCfg = MinSizeRel|Win32
		{0D58A03E-2334-32EC-AC2E-0DF10BFDD90E}.RelWithDebInfo|Win32.ActiveCfg = RelWithDebInfo|Win32
		{2BBBC26B-C87E-38E3-B193-3079D6F42023}.Debug|Win32.ActiveCfg = Debug|Win32
		{2BBBC26B-C87E-38E3-B193-3079D6F42023}.Debug|Win32.Build.0 = Debug|Win32
		{2BBBC26B-C87E-38E3-B193-3079D6F42023}.Release|Win32.ActiveCfg = Release|Win32
		{2BBBC26B-C87E-38E3-B193-3079D6F42023}.Release|Win32.Build.0 = Release|Win32
		{2BBBC26B-C87E-38E3-B193-3079D6F42023}.MinSizeRel|Win32.ActiveCfg = MinSizeRel|Win32
		{2BBBC26B-C87E-38E3-B193-3079D6F42023}.MinSizeRel|Win32.Build.0 = MinSizeRel|Win32
		{2BBBC26B-C87E-38E3-B193-3079D6F42023}.RelWithDebInfo|Win32.ActiveCfg = RelWithDebInfo|Win32
		{2BBBC26B-C87E-38E3-B193-3079D6F42023}.RelWithDebInfo|Win32.Build.0 = RelWithDebInfo|Win32
		{3402CA6D-A447-3598-8F4B-4B4D2B9D5580}.Debug|Win32.ActiveCfg = Debug|Win32
		{3402CA6D-A447-3598-8F4B-4B4D2B9D5580}.Debug|Win32.Build.0 = Debug|Win32
		{3402CA6D-A447-3598-8F4B-4B4D2B9D5580}.Release|Win32.ActiveCfg = Release|Win32
		{3402CA6D-A447-3598-8F4B-4B4D2B9D5580}.Release|Win32.Build.0 = Release|Win32
		{3402CA6D-A447-3598-8F4B-4B4D2B9D5580}.MinSizeRel|Win32.ActiveCfg = MinSizeRel|Win32
		{3402CA6D-A447-3598-8F4B-4B4D2B9D5580}.MinSizeRel|Win32.Build.0 = MinSizeRel|Win32
		{3402CA6D-A447-3598-8F4B-4B4D2B9D5580}.RelWithDebInfo|Win32.ActiveCfg = RelWithDebInfo|Win32
		{3402CA6D-A447-3598-8F4B-4B4D2B9D5580}.RelWithDebInfo|Win32.Build.0 = RelWithDebInfo|Win32
	EndGlobalSection
	GlobalSection(ExtensibilityGlobals) = postSolution
		SolutionGuid = {207DD8B7-B74F-3CA2-A153-24B27457BC00}
	EndGlobalSection
	GlobalSection(ExtensibilityAddIns) = postSolution
	EndGlobalSection
EndGlobal
